
Microsoft Visual Studio Solution File, Format Version 12.00
# Visual Studio 15
Project("{FAE04EC0-301F-11D3-BF4B-00C04F79EFBC}") = "Assembly-CSharp", "Assembly-CSharp.csproj", "{FC6D5C95-36BE-DDD6-81C2-5A5A3B7FC500}"
EndProject
Project("{FAE04EC0-301F-11D3-BF4B-00C04F79EFBC}") = "Assembly-CSharp-firstpass", "Assembly-CSharp-firstpass.csproj", "{990AA76E-B6C4-69E4-7BE3-EE1ED0F4340D}"
EndProject
Global
	GlobalSection(SolutionConfigurationPlatforms) = preSolution
		Debug|Any CPU = Debug|Any CPU
		Release|Any CPU = Release|Any CPU
	EndGlobalSection
	GlobalSection(ProjectConfigurationPlatforms) = postSolution
		{FC6D5C95-36BE-DDD6-81C2-5A5A3B7FC500}.Debug|Any CPU.ActiveCfg = Debug|Any CPU
		{FC6D5C95-36BE-DDD6-81C2-5A5A3B7FC500}.Debug|Any CPU.Build.0 = Debug|Any CPU
		{FC6D5C95-36BE-DDD6-81C2-5A5A3B7FC500}.Release|Any CPU.ActiveCfg = Release|Any CPU
		{FC6D5C95-36BE-DDD6-81C2-5A5A3B7FC500}.Release|Any CPU.Build.0 = Release|Any CPU
		{990AA76E-B6C4-69E4-7BE3-EE1ED0F4340D}.Debug|Any CPU.ActiveCfg = Debug|Any CPU
		{990AA76E-B6C4-69E4-7BE3-EE1ED0F4340D}.Debug|Any CPU.Build.0 = Debug|Any CPU
		{990AA76E-B6C4-69E4-7BE3-EE1ED0F4340D}.Release|Any CPU.ActiveCfg = Release|Any CPU
		{990AA76E-B6C4-69E4-7BE3-EE1ED0F4340D}.Release|Any CPU.Build.0 = Release|Any CPU
	EndGlobalSection
	GlobalSection(SolutionProperties) = preSolution
		HideSolutionNode = FALSE
	EndGlobalSection
EndGlobal
